// !$*UTF8*$!
{
	archiveVersion = 1;
	classes = {
	};
	objectVersion = 46;
	objects = {

/* Begin PBXBuildFile section */
		12E6EBA015ED028B0063D60A /* UIKit.framework in Frameworks */ = {isa = PBXBuildFile; fileRef = 12E6EB9F15ED028B0063D60A /* UIKit.framework */; };
		12E6EBA215ED028B0063D60A /* Foundation.framework in Frameworks */ = {isa = PBXBuildFile; fileRef = 12E6EBA115ED028B0063D60A /* Foundation.framework */; };
		12E6EBA415ED028B0063D60A /* CoreGraphics.framework in Frameworks */ = {isa = PBXBuildFile; fileRef = 12E6EBA315ED028B0063D60A /* CoreGraphics.framework */; };
		12E6EBAA15ED028B0063D60A /* InfoPlist.strings in Resources */ = {isa = PBXBuildFile; fileRef = 12E6EBA815ED028B0063D60A /* InfoPlist.strings */; };
		12E6EBAC15ED028B0063D60A /* main.m in Sources */ = {isa = PBXBuildFile; fileRef = 12E6EBAB15ED028B0063D60A /* main.m */; };
		12E6EBB015ED028B0063D60A /* AppDelegate.m in Sources */ = {isa = PBXBuildFile; fileRef = 12E6EBAF15ED028B0063D60A /* AppDelegate.m */; };
		12E6EBBB15ED02DB0063D60A /* Storyboard.storyboard in Resources */ = {isa = PBXBuildFile; fileRef = 12E6EBBA15ED02DB0063D60A /* Storyboard.storyboard */; };
		12E6EBC815ED12810063D60A /* TabelaViewController.m in Sources */ = {isa = PBXBuildFile; fileRef = 12E6EBC715ED12810063D60A /* TabelaViewController.m */; };
		12E6EBCB15ED54950063D60A /* DetalheViewController.m in Sources */ = {isa = PBXBuildFile; fileRef = 12E6EBCA15ED54950063D60A /* DetalheViewController.m */; };
/* End PBXBuildFile section */

/* Begin PBXFileReference section */
		12E6EB9B15ED028B0063D60A /* Table.app */ = {isa = PBXFileReference; explicitFileType = wrapper.application; includeInIndex = 0; path = Table.app; sourceTree = BUILT_PRODUCTS_DIR; };
		12E6EB9F15ED028B0063D60A /* UIKit.framework */ = {isa = PBXFileReference; lastKnownFileType = wrapper.framework; name = UIKit.framework; path = System/Library/Frameworks/UIKit.framework; sourceTree = SDKROOT; };
		12E6EBA115ED028B0063D60A /* Foundation.framework */ = {isa = PBXFileReference; lastKnownFileType = wrapper.framework; name = Foundation.framework; path = System/Library/Frameworks/Foundation.framework; sourceTree = SDKROOT; };
		12E6EBA315ED028B0063D60A /* CoreGraphics.framework */ = {isa = PBXFileReference; lastKnownFileType = wrapper.framework; name = CoreGraphics.framework; path = System/Library/Frameworks/CoreGraphics.framework; sourceTree = SDKROOT; };
		12E6EBA715ED028B0063D60A /* Table-Info.plist */ = {isa = PBXFileReference; lastKnownFileType = text.plist.xml; path = "Table-Info.plist"; sourceTree = "<group>"; };
		12E6EBA915ED028B0063D60A /* en */ = {isa = PBXFileReference; lastKnownFileType = text.plist.strings; name = en; path = en.lproj/InfoPlist.strings; sourceTree = "<group>"; };
		12E6EBAB15ED028B0063D60A /* main.m */ = {isa = PBXFileReference; lastKnownFileType = sourcecode.c.objc; path = main.m; sourceTree = "<group>"; };
		12E6EBAD15ED028B0063D60A /* Table-Prefix.pch */ = {isa = PBXFileReference; lastKnownFileType = sourcecode.c.h; path = "Table-Prefix.pch"; sourceTree = "<group>"; };
		12E6EBAE15ED028B0063D60A /* AppDelegate.h */ = {isa = PBXFileReference; lastKnownFileType = sourcecode.c.h; path = AppDelegate.h; sourceTree = "<group>"; };
		12E6EBAF15ED028B0063D60A /* AppDelegate.m */ = {isa = PBXFileReference; lastKnownFileType = sourcecode.c.objc; path = AppDelegate.m; sourceTree = "<group>"; };
		12E6EBBA15ED02DB0063D60A /* Storyboard.storyboard */ = {isa = PBXFileReference; fileEncoding = 4; lastKnownFileType = file.storyboard; path = Storyboard.storyboard; sourceTree = "<group>"; };
		12E6EBC615ED12810063D60A /* TabelaViewController.h */ = {isa = PBXFileReference; fileEncoding = 4; lastKnownFileType = sourcecode.c.h; path = TabelaViewController.h; sourceTree = "<group>"; };
		12E6EBC715ED12810063D60A /* TabelaViewController.m */ = {isa = PBXFileReference; fileEncoding = 4; lastKnownFileType = sourcecode.c.objc; path = TabelaViewController.m; sourceTree = "<group>"; };
		12E6EBC915ED54950063D60A /* DetalheViewController.h */ = {isa = PBXFileReference; fileEncoding = 4; lastKnownFileType = sourcecode.c.h; path = DetalheViewController.h; sourceTree = "<group>"; };
		12E6EBCA15ED54950063D60A /* DetalheViewController.m */ = {isa = PBXFileReference; fileEncoding = 4; lastKnownFileType = sourcecode.c.objc; path = DetalheViewController.m; sourceTree = "<group>"; };
/* End PBXFileReference section */

/* Begin PBXFrameworksBuildPhase section */
		12E6EB9815ED028B0063D60A /* Frameworks */ = {
			isa = PBXFrameworksBuildPhase;
			buildActionMask = 2147483647;
			files = (
				12E6EBA015ED028B0063D60A /* UIKit.framework in Frameworks */,
				12E6EBA215ED028B0063D60A /* Foundation.framework in Frameworks */,
				12E6EBA415ED028B0063D60A /* CoreGraphics.framework in Frameworks */,
			);
			runOnlyForDeploymentPostprocessing = 0;
		};
/* End PBXFrameworksBuildPhase section */

/* Begin PBXGroup section */
		12E6EB9015ED028B0063D60A = {
			isa = PBXGroup;
			children = (
				12E6EBA515ED028B0063D60A /* Table */,
				12E6EB9E15ED028B0063D60A /* Frameworks */,
				12E6EB9C15ED028B0063D60A /* Products */,
			);
			sourceTree = "<group>";
		};
		12E6EB9C15ED028B0063D60A /* Products */ = {
			isa = PBXGroup;
			children = (
				12E6EB9B15ED028B0063D60A /* Table.app */,
			);
			name = Products;
			sourceTree = "<group>";
		};
		12E6EB9E15ED028B0063D60A /* Frameworks */ = {
			isa = PBXGroup;
			children = (
				12E6EB9F15ED028B0063D60A /* UIKit.framework */,
				12E6EBA115ED028B0063D60A /* Foundation.framework */,
				12E6EBA315ED028B0063D60A /* CoreGraphics.framework */,
			);
			name = Frameworks;
			sourceTree = "<group>";
		};
		12E6EBA515ED028B0063D60A /* Table */ = {
			isa = PBXGroup;
			children = (
				12E6EBAE15ED028B0063D60A /* AppDelegate.h */,
				12E6EBAF15ED028B0063D60A /* AppDelegate.m */,
				12E6EBA615ED028B0063D60A /* Supporting Files */,
				12E6EBBA15ED02DB0063D60A /* Storyboard.storyboard */,
				12E6EBC615ED12810063D60A /* TabelaViewController.h */,
				12E6EBC715ED12810063D60A /* TabelaViewController.m */,
				12E6EBC915ED54950063D60A /* DetalheViewController.h */,
				12E6EBCA15ED54950063D60A /* DetalheViewController.m */,
			);
			path = Table;
			sourceTree = "<group>";
		};
		12E6EBA615ED028B0063D60A /* Supporting Files */ = {
			isa = PBXGroup;
			children = (
				12E6EBA715ED028B0063D60A /* Table-Info.plist */,
				12E6EBA815ED028B0063D60A /* InfoPlist.strings */,
				12E6EBAB15ED028B0063D60A /* main.m */,
				12E6EBAD15ED028B0063D60A /* Table-Prefix.pch */,
			);
			name = "Supporting Files";
			sourceTree = "<group>";
		};
/* End PBXGroup section */

/* Begin PBXNativeTarget section */
		12E6EB9A15ED028B0063D60A /* Table */ = {
			isa = PBXNativeTarget;
			buildConfigurationList = 12E6EBB315ED028B0063D60A /* Build configuration list for PBXNativeTarget "Table" */;
			buildPhases = (
				12E6EB9715ED028B0063D60A /* Sources */,
				12E6EB9815ED028B0063D60A /* Frameworks */,
				12E6EB9915ED028B0063D60A /* Resources */,
			);
			buildRules = (
			);
			dependencies = (
			);
			name = Table;
			productName = Table;
			productReference = 12E6EB9B15ED028B0063D60A /* Table.app */;
			productType = "com.apple.product-type.application";
		};
/* End PBXNativeTarget section */

/* Begin PBXProject section */
		12E6EB9215ED028B0063D60A /* Project object */ = {
			isa = PBXProject;
			attributes = {
				LastUpgradeCheck = 0440;
				ORGANIZATIONNAME = "Cleverson Sacramento";
			};
			buildConfigurationList = 12E6EB9515ED028B0063D60A /* Build configuration list for PBXProject "Table" */;
			compatibilityVersion = "Xcode 3.2";
			developmentRegion = English;
			hasScannedForEncodings = 0;
			knownRegions = (
				en,
			);
			mainGroup = 12E6EB9015ED028B0063D60A;
			productRefGroup = 12E6EB9C15ED028B0063D60A /* Products */;
			projectDirPath = "";
			projectRoot = "";
			targets = (
				12E6EB9A15ED028B0063D60A /* Table */,
			);
		};
/* End PBXProject section */

/* Begin PBXResourcesBuildPhase section */
		12E6EB9915ED028B0063D60A /* Resources */ = {
			isa = PBXResourcesBuildPhase;
			buildActionMask = 2147483647;
			files = (
				12E6EBAA15ED028B0063D60A /* InfoPlist.strings in Resources */,
				12E6EBBB15ED02DB0063D60A /* Storyboard.storyboard in Resources */,
			);
			runOnlyForDeploymentPostprocessing = 0;
		};
/* End PBXResourcesBuildPhase section */

/* Begin PBXSourcesBuildPhase section */
		12E6EB9715ED028B0063D60A /* Sources */ = {
			isa = PBXSourcesBuildPhase;
			buildActionMask = 2147483647;
			files = (
				12E6EBAC15ED028B0063D60A /* main.m in Sources */,
				12E6EBB015ED028B0063D60A /* AppDelegate.m in Sources */,
				12E6EBC815ED12810063D60A /* TabelaViewController.m in Sources */,
				12E6EBCB15ED54950063D60A /* DetalheViewController.m in Sources */,
			);
			runOnlyForDeploymentPostprocessing = 0;
		};
/* End PBXSourcesBuildPhase section */

/* Begin PBXVariantGroup section */
		12E6EBA815ED028B0063D60A /* InfoPlist.strings */ = {
			isa = PBXVariantGroup;
			children = (
				12E6EBA915ED028B0063D60A /* en */,
			);
			name = InfoPlist.strings;
			sourceTree = "<group>";
		};
/* End PBXVariantGroup section */

/* Begin XCBuildConfiguration section */
		12E6EBB115ED028B0063D60A /* Debug */ = {
			isa = XCBuildConfiguration;
			buildSettings = {
				ALWAYS_SEARCH_USER_PATHS = NO;
				ARCHS = "$(ARCHS_STANDARD_32_BIT)";
				CLANG_CXX_LANGUAGE_STANDARD = "gnu++0x";
				CLANG_ENABLE_OBJC_ARC = YES;
				CLANG_WARN__DUPLICATE_METHOD_MATCH = YES;
				"CODE_SIGN_IDENTITY[sdk=iphoneos*]" = "iPhone Developer";
				COPY_PHASE_STRIP = NO;
				GCC_C_LANGUAGE_STANDARD = gnu99;
				GCC_DYNAMIC_NO_PIC = NO;
				GCC_OPTIMIZATION_LEVEL = 0;
				GCC_PREPROCESSOR_DEFINITIONS = (
					"DEBUG=1",
					"$(inherited)",
				);
				GCC_SYMBOLS_PRIVATE_EXTERN = NO;
				GCC_VERSION = com.apple.compilers.llvm.clang.1_0;
				GCC_WARN_ABOUT_RETURN_TYPE = YES;
				GCC_WARN_UNINITIALIZED_AUTOS = YES;
				GCC_WARN_UNUSED_VARIABLE = YES;
				IPHONEOS_DEPLOYMENT_TARGET = 5.1;
				SDKROOT = iphoneos;
			};
			name = Debug;
		};
		12E6EBB215ED028B0063D60A /* Release */ = {
			isa = XCBuildConfiguration;
			buildSettings = {
				ALWAYS_SEARCH_USER_PATHS = NO;
				ARCHS = "$(ARCHS_STANDARD_32_BIT)";
				CLANG_CXX_LANGUAGE_STANDARD = "gnu++0x";
				CLANG_ENABLE_OBJC_ARC = YES;
				CLANG_WARN__DUPLICATE_METHOD_MATCH = YES;
				"CODE_SIGN_IDENTITY[sdk=iphoneos*]" = "iPhone Developer";
				COPY_PHASE_STRIP = YES;
				GCC_C_LANGUAGE_STANDARD = gnu99;
				GCC_VERSION = com.apple.compilers.llvm.clang.1_0;
				GCC_WARN_ABOUT_RETURN_TYPE = YES;
				GCC_WARN_UNINITIALIZED_AUTOS = YES;
				GCC_WARN_UNUSED_VARIABLE = YES;
				IPHONEOS_DEPLOYMENT_TARGET = 5.1;
				OTHER_CFLAGS = "-DNS_BLOCK_ASSERTIONS=1";
				SDKROOT = iphoneos;
				VALIDATE_PRODUCT = YES;
			};
			name = Release;
		};
		12E6EBB415ED028B0063D60A /* Debug */ = {
			isa = XCBuildConfiguration;
			buildSettings = {
				GCC_PRECOMPILE_PREFIX_HEADER = YES;
				GCC_PREFIX_HEADER = "Table/Table-Prefix.pch";
				INFOPLIST_FILE = "Table/Table-Info.plist";
				PRODUCT_NAME = "$(TARGET_NAME)";
				WRAPPER_EXTENSION = app;
			};
			name = Debug;
		};
		12E6EBB515ED028B0063D60A /* Release */ = {
			isa = XCBuildConfiguration;
			buildSettings = {
				GCC_PRECOMPILE_PREFIX_HEADER = YES;
				GCC_PREFIX_HEADER = "Table/Table-Prefix.pch";
				INFOPLIST_FILE = "Table/Table-Info.plist";
				PRODUCT_NAME = "$(TARGET_NAME)";
				WRAPPER_EXTENSION = app;
			};
			name = Release;
		};
/* End XCBuildConfiguration section */

/* Begin XCConfigurationList section */
		12E6EB9515ED028B0063D60A /* Build configuration list for PBXProject "Table" */ = {
			isa = XCConfigurationList;
			buildConfigurations = (
				12E6EBB115ED028B0063D60A /* Debug */,
				12E6EBB215ED028B0063D60A /* Release */,
			);
			defaultConfigurationIsVisible = 0;
			defaultConfigurationName = Release;
		};
		12E6EBB315ED028B0063D60A /* Build configuration list for PBXNativeTarget "Table" */ = {
			isa = XCConfigurationList;
			buildConfigurations = (
				12E6EBB415ED028B0063D60A /* Debug */,
				12E6EBB515ED028B0063D60A /* Release */,
			);
			defaultConfigurationIsVisible = 0;
			defaultConfigurationName = Release;
		};
/* End XCConfigurationList section */
	};
	rootObject = 12E6EB9215ED028B0063D60A /* Project object */;
}
